
Microsoft Visual Studio Solution File, Format Version 12.00
# Visual Studio Version 17
VisualStudioVersion = 17.10.35027.167
MinimumVisualStudioVersion = 10.0.40219.1
Project("{9A19103F-16F7-4668-BE54-9A1E7A4F7556}") = "BudgetPlanner", "BudgetPlanner\BudgetPlanner.csproj", "{82600396-B90A-4171-A0F1-161FFDF1561E}"
EndProject
Project("{9A19103F-16F7-4668-BE54-9A1E7A4F7556}") = "BudgetPlanner.Android", "BudgetPlanner.Android\BudgetPlanner.Android.csproj", "{76ED6D81-8F9C-4442-83F5-BDE3D90FD2C6}"
EndProject
Project("{9A19103F-16F7-4668-BE54-9A1E7A4F7556}") = "BudgetPlanner.Desktop", "BudgetPlanner.Desktop\BudgetPlanner.Desktop.csproj", "{4A29407C-456D-497D-AB6F-D823E4A2ED7B}"
EndProject
Project("{9A19103F-16F7-4668-BE54-9A1E7A4F7556}") = "BudgetPlanner.iOS", "BudgetPlanner.iOS\BudgetPlanner.iOS.csproj", "{36B5CA83-3343-4113-856E-401E9957EADA}"
EndProject
Project("{9A19103F-16F7-4668-BE54-9A1E7A4F7556}") = "BudgetPlanner.Browser", "BudgetPlanner.Browser\BudgetPlanner.Browser.csproj", "{0BE08D2F-3388-4CBD-B4B3-CFDF382F5527}"
EndProject
Project("{9A19103F-16F7-4668-BE54-9A1E7A4F7556}") = "BudgetPlanner.Services", "BudgetPlanner.Services\BudgetPlanner.Services.csproj", "{C6A8151B-EE7B-4C28-B8E2-106F9EAECA54}"
EndProject
Project("{2150E333-8FDC-42A3-9474-1A3956D46DE8}") = "Platform", "Platform", "{91BE5C63-A7FE-492D-84D8-8D40B0CC679F}"
EndProject
Project("{9A19103F-16F7-4668-BE54-9A1E7A4F7556}") = "BudgetPlanner.Messages", "BudgetPlanner.Messages\BudgetPlanner.Messages.csproj", "{A5133AF4-D425-4641-B7EE-8ED562D8F9E3}"
EndProject
Project("{9A19103F-16F7-4668-BE54-9A1E7A4F7556}") = "BudgetPlanner.ViewModels.Shared", "BudgetPlanner.ViewModels.Shared\BudgetPlanner.ViewModels.Shared.csproj", "{D557DF87-A7DB-4190-935B-68510AD0DB44}"
EndProject
Project("{9A19103F-16F7-4668-BE54-9A1E7A4F7556}") = "BudgetPlanner.ViewModels", "BudgetPlanner.ViewModels\BudgetPlanner.ViewModels.csproj", "{3446D2A6-C474-404E-BAC9-6EAD7F2395A9}"
EndProject
Project("{9A19103F-16F7-4668-BE54-9A1E7A4F7556}") = "BudgetPlanner.Data.Models", "BudgetPlanner.Data.Models\BudgetPlanner.Data.Models.csproj", "{2BF6B739-A01E-4875-9DD9-35C90F2B0AD4}"
EndProject
Project("{9A19103F-16F7-4668-BE54-9A1E7A4F7556}") = "BudgetPlanner.Data.Db", "BudgetPlanner.Data.Db\BudgetPlanner.Data.Db.csproj", "{B8A4EC40-A6A3-4DCC-93C1-A69142D57A3B}"
EndProject
Project("{9A19103F-16F7-4668-BE54-9A1E7A4F7556}") = "BudgetPlanner.Data.SqliteMigrations", "BudgetPlanner.Data.SqliteMigrations\BudgetPlanner.Data.SqliteMigrations.csproj", "{2A4C6B69-30E5-433F-A9B3-A062FA1765E5}"
EndProject
Project("{9A19103F-16F7-4668-BE54-9A1E7A4F7556}") = "BudgetPlanner.RequestModels", "BudgetPlanner.RequestModels\BudgetPlanner.RequestModels.csproj", "{18C6775F-D7DE-49AA-842E-AC698A71012C}"
EndProject
Project("{9A19103F-16F7-4668-BE54-9A1E7A4F7556}") = "BudgetPlanner.Configuration.Models", "BudgetPlanner.Configuration.Models\BudgetPlanner.Configuration.Models.csproj", "{A12B7DC2-F043-4F53-854B-A792ED76C3A7}"
EndProject
Project("{9A19103F-16F7-4668-BE54-9A1E7A4F7556}") = "BudgetPlanner.External.Services.Models", "BudgetPlanner.External.Services.Models\BudgetPlanner.External.Services.Models.csproj", "{B8528A12-4986-4099-82F4-CD33E9429719}"
EndProject
Project("{9A19103F-16F7-4668-BE54-9A1E7A4F7556}") = "BudgetPlanner.External.Services", "BudgetPlanner.External.Services\BudgetPlanner.External.Services.csproj", "{2F62668E-7067-4D70-A8AD-73BA9E35AE3F}"
EndProject
Project("{FAE04EC0-301F-11D3-BF4B-00C04F79EFBC}") = "BudgetPlanner.States", "BudgetPlanner.States\BudgetPlanner.States.csproj", "{8D05E995-6E99-4060-8840-12C81A43C8F5}"
EndProject
Global
	GlobalSection(SolutionConfigurationPlatforms) = preSolution
		Debug|Any CPU = Debug|Any CPU
		Release|Any CPU = Release|Any CPU
	EndGlobalSection
	GlobalSection(ProjectConfigurationPlatforms) = postSolution
		{82600396-B90A-4171-A0F1-161FFDF1561E}.Debug|Any CPU.ActiveCfg = Debug|Any CPU
		{82600396-B90A-4171-A0F1-161FFDF1561E}.Debug|Any CPU.Build.0 = Debug|Any CPU
		{82600396-B90A-4171-A0F1-161FFDF1561E}.Release|Any CPU.ActiveCfg = Release|Any CPU
		{82600396-B90A-4171-A0F1-161FFDF1561E}.Release|Any CPU.Build.0 = Release|Any CPU
		{76ED6D81-8F9C-4442-83F5-BDE3D90FD2C6}.Debug|Any CPU.ActiveCfg = Debug|Any CPU
		{76ED6D81-8F9C-4442-83F5-BDE3D90FD2C6}.Debug|Any CPU.Build.0 = Debug|Any CPU
		{76ED6D81-8F9C-4442-83F5-BDE3D90FD2C6}.Debug|Any CPU.Deploy.0 = Debug|Any CPU
		{76ED6D81-8F9C-4442-83F5-BDE3D90FD2C6}.Release|Any CPU.ActiveCfg = Release|Any CPU
		{76ED6D81-8F9C-4442-83F5-BDE3D90FD2C6}.Release|Any CPU.Build.0 = Release|Any CPU
		{76ED6D81-8F9C-4442-83F5-BDE3D90FD2C6}.Release|Any CPU.Deploy.0 = Release|Any CPU
		{4A29407C-456D-497D-AB6F-D823E4A2ED7B}.Debug|Any CPU.ActiveCfg = Debug|Any CPU
		{4A29407C-456D-497D-AB6F-D823E4A2ED7B}.Debug|Any CPU.Build.0 = Debug|Any CPU
		{4A29407C-456D-497D-AB6F-D823E4A2ED7B}.Release|Any CPU.ActiveCfg = Release|Any CPU
		{4A29407C-456D-497D-AB6F-D823E4A2ED7B}.Release|Any CPU.Build.0 = Release|Any CPU
		{36B5CA83-3343-4113-856E-401E9957EADA}.Debug|Any CPU.ActiveCfg = Debug|Any CPU
		{36B5CA83-3343-4113-856E-401E9957EADA}.Debug|Any CPU.Build.0 = Debug|Any CPU
		{36B5CA83-3343-4113-856E-401E9957EADA}.Debug|Any CPU.Deploy.0 = Debug|Any CPU
		{36B5CA83-3343-4113-856E-401E9957EADA}.Release|Any CPU.ActiveCfg = Release|Any CPU
		{36B5CA83-3343-4113-856E-401E9957EADA}.Release|Any CPU.Build.0 = Release|Any CPU
		{36B5CA83-3343-4113-856E-401E9957EADA}.Release|Any CPU.Deploy.0 = Release|Any CPU
		{0BE08D2F-3388-4CBD-B4B3-CFDF382F5527}.Debug|Any CPU.ActiveCfg = Debug|Any CPU
		{0BE08D2F-3388-4CBD-B4B3-CFDF382F5527}.Debug|Any CPU.Build.0 = Debug|Any CPU
		{0BE08D2F-3388-4CBD-B4B3-CFDF382F5527}.Release|Any CPU.ActiveCfg = Release|Any CPU
		{0BE08D2F-3388-4CBD-B4B3-CFDF382F5527}.Release|Any CPU.Build.0 = Release|Any CPU
		{C6A8151B-EE7B-4C28-B8E2-106F9EAECA54}.Debug|Any CPU.ActiveCfg = Debug|Any CPU
		{C6A8151B-EE7B-4C28-B8E2-106F9EAECA54}.Debug|Any CPU.Build.0 = Debug|Any CPU
		{C6A8151B-EE7B-4C28-B8E2-106F9EAECA54}.Release|Any CPU.ActiveCfg = Release|Any CPU
		{C6A8151B-EE7B-4C28-B8E2-106F9EAECA54}.Release|Any CPU.Build.0 = Release|Any CPU
		{A5133AF4-D425-4641-B7EE-8ED562D8F9E3}.Debug|Any CPU.ActiveCfg = Debug|Any CPU
		{A5133AF4-D425-4641-B7EE-8ED562D8F9E3}.Debug|Any CPU.Build.0 = Debug|Any CPU
		{A5133AF4-D425-4641-B7EE-8ED562D8F9E3}.Release|Any CPU.ActiveCfg = Release|Any CPU
		{A5133AF4-D425-4641-B7EE-8ED562D8F9E3}.Release|Any CPU.Build.0 = Release|Any CPU
		{D557DF87-A7DB-4190-935B-68510AD0DB44}.Debug|Any CPU.ActiveCfg = Debug|Any CPU
		{D557DF87-A7DB-4190-935B-68510AD0DB44}.Debug|Any CPU.Build.0 = Debug|Any CPU
		{D557DF87-A7DB-4190-935B-68510AD0DB44}.Release|Any CPU.ActiveCfg = Release|Any CPU
		{D557DF87-A7DB-4190-935B-68510AD0DB44}.Release|Any CPU.Build.0 = Release|Any CPU
		{3446D2A6-C474-404E-BAC9-6EAD7F2395A9}.Debug|Any CPU.ActiveCfg = Debug|Any CPU
		{3446D2A6-C474-404E-BAC9-6EAD7F2395A9}.Debug|Any CPU.Build.0 = Debug|Any CPU
		{3446D2A6-C474-404E-BAC9-6EAD7F2395A9}.Release|Any CPU.ActiveCfg = Release|Any CPU
		{3446D2A6-C474-404E-BAC9-6EAD7F2395A9}.Release|Any CPU.Build.0 = Release|Any CPU
		{2BF6B739-A01E-4875-9DD9-35C90F2B0AD4}.Debug|Any CPU.ActiveCfg = Debug|Any CPU
		{2BF6B739-A01E-4875-9DD9-35C90F2B0AD4}.Debug|Any CPU.Build.0 = Debug|Any CPU
		{2BF6B739-A01E-4875-9DD9-35C90F2B0AD4}.Release|Any CPU.ActiveCfg = Release|Any CPU
		{2BF6B739-A01E-4875-9DD9-35C90F2B0AD4}.Release|Any CPU.Build.0 = Release|Any CPU
		{B8A4EC40-A6A3-4DCC-93C1-A69142D57A3B}.Debug|Any CPU.ActiveCfg = Debug|Any CPU
		{B8A4EC40-A6A3-4DCC-93C1-A69142D57A3B}.Debug|Any CPU.Build.0 = Debug|Any CPU
		{B8A4EC40-A6A3-4DCC-93C1-A69142D57A3B}.Release|Any CPU.ActiveCfg = Release|Any CPU
		{B8A4EC40-A6A3-4DCC-93C1-A69142D57A3B}.Release|Any CPU.Build.0 = Release|Any CPU
		{2A4C6B69-30E5-433F-A9B3-A062FA1765E5}.Debug|Any CPU.ActiveCfg = Debug|Any CPU
		{2A4C6B69-30E5-433F-A9B3-A062FA1765E5}.Debug|Any CPU.Build.0 = Debug|Any CPU
		{2A4C6B69-30E5-433F-A9B3-A062FA1765E5}.Release|Any CPU.ActiveCfg = Release|Any CPU
		{2A4C6B69-30E5-433F-A9B3-A062FA1765E5}.Release|Any CPU.Build.0 = Release|Any CPU
		{18C6775F-D7DE-49AA-842E-AC698A71012C}.Debug|Any CPU.ActiveCfg = Debug|Any CPU
		{18C6775F-D7DE-49AA-842E-AC698A71012C}.Debug|Any CPU.Build.0 = Debug|Any CPU
		{18C6775F-D7DE-49AA-842E-AC698A71012C}.Release|Any CPU.ActiveCfg = Release|Any CPU
		{18C6775F-D7DE-49AA-842E-AC698A71012C}.Release|Any CPU.Build.0 = Release|Any CPU
		{A12B7DC2-F043-4F53-854B-A792ED76C3A7}.Debug|Any CPU.ActiveCfg = Debug|Any CPU
		{A12B7DC2-F043-4F53-854B-A792ED76C3A7}.Debug|Any CPU.Build.0 = Debug|Any CPU
		{A12B7DC2-F043-4F53-854B-A792ED76C3A7}.Release|Any CPU.ActiveCfg = Release|Any CPU
		{A12B7DC2-F043-4F53-854B-A792ED76C3A7}.Release|Any CPU.Build.0 = Release|Any CPU
		{B8528A12-4986-4099-82F4-CD33E9429719}.Debug|Any CPU.ActiveCfg = Debug|Any CPU
		{B8528A12-4986-4099-82F4-CD33E9429719}.Debug|Any CPU.Build.0 = Debug|Any CPU
		{B8528A12-4986-4099-82F4-CD33E9429719}.Release|Any CPU.ActiveCfg = Release|Any CPU
		{B8528A12-4986-4099-82F4-CD33E9429719}.Release|Any CPU.Build.0 = Release|Any CPU
		{2F62668E-7067-4D70-A8AD-73BA9E35AE3F}.Debug|Any CPU.ActiveCfg = Debug|Any CPU
		{2F62668E-7067-4D70-A8AD-73BA9E35AE3F}.Debug|Any CPU.Build.0 = Debug|Any CPU
		{2F62668E-7067-4D70-A8AD-73BA9E35AE3F}.Release|Any CPU.ActiveCfg = Release|Any CPU
		{2F62668E-7067-4D70-A8AD-73BA9E35AE3F}.Release|Any CPU.Build.0 = Release|Any CPU
		{8D05E995-6E99-4060-8840-12C81A43C8F5}.Debug|Any CPU.ActiveCfg = Debug|Any CPU
		{8D05E995-6E99-4060-8840-12C81A43C8F5}.Debug|Any CPU.Build.0 = Debug|Any CPU
		{8D05E995-6E99-4060-8840-12C81A43C8F5}.Release|Any CPU.ActiveCfg = Release|Any CPU
		{8D05E995-6E99-4060-8840-12C81A43C8F5}.Release|Any CPU.Build.0 = Release|Any CPU
	EndGlobalSection
	GlobalSection(SolutionProperties) = preSolution
		HideSolutionNode = FALSE
	EndGlobalSection
	GlobalSection(NestedProjects) = preSolution
		{76ED6D81-8F9C-4442-83F5-BDE3D90FD2C6} = {91BE5C63-A7FE-492D-84D8-8D40B0CC679F}
		{4A29407C-456D-497D-AB6F-D823E4A2ED7B} = {91BE5C63-A7FE-492D-84D8-8D40B0CC679F}
		{36B5CA83-3343-4113-856E-401E9957EADA} = {91BE5C63-A7FE-492D-84D8-8D40B0CC679F}
		{0BE08D2F-3388-4CBD-B4B3-CFDF382F5527} = {91BE5C63-A7FE-492D-84D8-8D40B0CC679F}
	EndGlobalSection
	GlobalSection(ExtensibilityGlobals) = postSolution
		SolutionGuid = {27901178-8D95-4CDB-AF34-7284161AC83D}
	EndGlobalSection
EndGlobal
